{
  "name": "git-tool",
  "version": "1.1.0",
  "lockfileVersion": 1,
  "requires": true,
  "dependencies": {
    "@types/color-name": {
      "version": "1.1.1",
      "resolved": "https://registry.npmjs.org/@types/color-name/-/color-name-1.1.1.tgz",
      "integrity": "sha512-rr+OQyAjxze7GgWrSaJwydHStIhHq2lvY3BOC2Mj7KnzI7XK0Uw1TOOdI9lDoajEbSWLiYgoo4f1R51erQfhPQ=="
    },
    "JSONStream": {
      "version": "1.3.5",
      "resolved": "http://npm.zhenguanyu.com/JSONStream/download/JSONStream-1.3.5.tgz",
      "integrity": "sha1-MgjB8I06TZkmGrZPkjArwV4RHKA=",
      "dev": true,
      "requires": {
        "jsonparse": "^1.2.0",
        "through": ">=2.2.7 <3"
      }
    },
    "add-stream": {
      "version": "1.0.0",
      "resolved": "http://npm.zhenguanyu.com/add-stream/download/add-stream-1.0.0.tgz",
      "integrity": "sha1-anmQQ3ynNtXhKI25K9MmbV9csqo=",
      "dev": true
    },
    "ansi-styles": {
      "version": "4.2.1",
      "resolved": "https://registry.npmjs.org/ansi-styles/-/ansi-styles-4.2.1.tgz",
      "integrity": "sha512-9VGjrMsG1vePxcSweQsN20KY/c4zN0h9fLjqAbwbPfahM3t+NL+M9HC8xeXG2I8pX5NoamTGNuomEUFI7fcUjA==",
      "requires": {
        "@types/color-name": "^1.1.1",
        "color-convert": "^2.0.1"
      }
    },
    "array-find-index": {
      "version": "1.0.2",
      "resolved": "http://npm.zhenguanyu.com/array-find-index/download/array-find-index-1.0.2.tgz",
      "integrity": "sha1-3wEKoSh+Fku9pvlyOwqWoexBh6E=",
      "dev": true
    },
    "array-ify": {
      "version": "1.0.0",
      "resolved": "http://npm.zhenguanyu.com/array-ify/download/array-ify-1.0.0.tgz",
      "integrity": "sha1-nlKHYrSpBmrRY6aWKjZEGOlibs4=",
      "dev": true
    },
    "arrify": {
      "version": "1.0.1",
      "resolved": "http://npm.zhenguanyu.com/arrify/download/arrify-1.0.1.tgz",
      "integrity": "sha1-iYUI2iIm84DfkEcoRWhJwVAaSw0=",
      "dev": true
    },
    "camelcase": {
      "version": "4.1.0",
      "resolved": "http://npm.zhenguanyu.com/camelcase/download/camelcase-4.1.0.tgz",
      "integrity": "sha1-1UVjW+HjPFQmScaRc+Xeas+uNN0=",
      "dev": true
    },
    "camelcase-keys": {
      "version": "4.2.0",
      "resolved": "http://npm.zhenguanyu.com/camelcase-keys/download/camelcase-keys-4.2.0.tgz",
      "integrity": "sha1-oqpfsa9oh1glnDLBQUJteJI7m3c=",
      "dev": true,
      "requires": {
        "camelcase": "^4.1.0",
        "map-obj": "^2.0.0",
        "quick-lru": "^1.0.0"
      }
    },
    "chalk": {
      "version": "3.0.0",
      "resolved": "https://registry.npmjs.org/chalk/-/chalk-3.0.0.tgz",
      "integrity": "sha512-4D3B6Wf41KOYRFdszmDqMCGq5VV/uMAB273JILmO+3jAlh8X4qDtdtgCR3fxtbLEMzSx22QdhnDcJvu2u1fVwg==",
      "requires": {
        "ansi-styles": "^4.1.0",
        "supports-color": "^7.1.0"
      }
    },
    "color-convert": {
      "version": "2.0.1",
      "resolved": "https://registry.npmjs.org/color-convert/-/color-convert-2.0.1.tgz",
      "integrity": "sha512-RRECPsj7iu/xb5oKYcsFHSppFNnsj/52OVTRKb4zP5onXwVF3zVmmToNcOfGC+CRDpfK/U584fMg38ZHCaElKQ==",
      "requires": {
        "color-name": "~1.1.4"
      }
    },
    "color-name": {
      "version": "1.1.4",
      "resolved": "https://registry.npmjs.org/color-name/-/color-name-1.1.4.tgz",
      "integrity": "sha512-dOy+3AuW3a2wNbZHIuMZpTcgjGuLU/uBL/ubcZF9OXbDo8ff4O8yVp5Bf0efS8uEoYo5q4Fx7dY9OgQGXgAsQA=="
    },
    "commander": {
      "version": "2.19.0",
      "resolved": "http://registry.npm.taobao.org/commander/download/commander-2.19.0.tgz",
      "integrity": "sha1-9hmKqE5bg8RgVLlN3tv+1e6f8So="
    },
    "compare-func": {
      "version": "1.3.2",
      "resolved": "http://npm.zhenguanyu.com/compare-func/download/compare-func-1.3.2.tgz",
      "integrity": "sha1-md0LpFfh+bxyKxLAjsM+6rMfpkg=",
      "dev": true,
      "requires": {
        "array-ify": "^1.0.0",
        "dot-prop": "^3.0.0"
      }
    },
    "conventional-changelog": {
      "version": "3.1.18",
      "resolved": "http://npm.zhenguanyu.com/conventional-changelog/download/conventional-changelog-3.1.18.tgz",
      "integrity": "sha1-faClqzSmBLkguL9xxs9dlS8OgF4=",
      "dev": true,
      "requires": {
        "conventional-changelog-angular": "^5.0.6",
        "conventional-changelog-atom": "^2.0.3",
        "conventional-changelog-codemirror": "^2.0.3",
        "conventional-changelog-conventionalcommits": "^4.2.3",
        "conventional-changelog-core": "^4.1.4",
        "conventional-changelog-ember": "^2.0.4",
        "conventional-changelog-eslint": "^3.0.4",
        "conventional-changelog-express": "^2.0.1",
        "conventional-changelog-jquery": "^3.0.6",
        "conventional-changelog-jshint": "^2.0.3",
        "conventional-changelog-preset-loader": "^2.3.0"
      }
    },
    "conventional-changelog-angular": {
      "version": "5.0.6",
      "resolved": "http://npm.zhenguanyu.com/conventional-changelog-angular/download/conventional-changelog-angular-5.0.6.tgz",
      "integrity": "sha1-JpVAxiRVOt7YCcKaNQj9wrVEwFk=",
      "dev": true,
      "requires": {
        "compare-func": "^1.3.1",
        "q": "^1.5.1"
      }
    },
    "conventional-changelog-atom": {
      "version": "2.0.3",
      "resolved": "http://npm.zhenguanyu.com/conventional-changelog-atom/download/conventional-changelog-atom-2.0.3.tgz",
      "integrity": "sha1-O9FCgKoJ/j7Emg6P6XtQAtsCqtQ=",
      "dev": true,
      "requires": {
        "q": "^1.5.1"
      }
    },
    "conventional-changelog-cli": {
      "version": "2.0.31",
      "resolved": "http://npm.zhenguanyu.com/conventional-changelog-cli/download/conventional-changelog-cli-2.0.31.tgz",
      "integrity": "sha1-M0VYEXD7tUBBaUbkYP71GaZK70M=",
      "dev": true,
      "requires": {
        "add-stream": "^1.0.0",
        "conventional-changelog": "^3.1.18",
        "lodash": "^4.17.15",
        "meow": "^5.0.0",
        "tempfile": "^3.0.0"
      }
    },
    "conventional-changelog-codemirror": {
      "version": "2.0.3",
      "resolved": "http://npm.zhenguanyu.com/conventional-changelog-codemirror/download/conventional-changelog-codemirror-2.0.3.tgz",
      "integrity": "sha1-68CIFUaE+PUXFEa41Ua6a0YNRvI=",
      "dev": true,
      "requires": {
        "q": "^1.5.1"
      }
    },
    "conventional-changelog-conventionalcommits": {
      "version": "4.2.3",
      "resolved": "http://npm.zhenguanyu.com/conventional-changelog-conventionalcommits/download/conventional-changelog-conventionalcommits-4.2.3.tgz",
      "integrity": "sha1-IoVbMtV9AyiVHBwtwBsXKl8k6jc=",
      "dev": true,
      "requires": {
        "compare-func": "^1.3.1",
        "lodash": "^4.17.15",
        "q": "^1.5.1"
      }
    },
    "conventional-changelog-core": {
      "version": "4.1.4",
      "resolved": "http://npm.zhenguanyu.com/conventional-changelog-core/download/conventional-changelog-core-4.1.4.tgz",
      "integrity": "sha1-Ob4n/KbvIKD5mNejoel8+ooFXLY=",
      "dev": true,
      "requires": {
        "add-stream": "^1.0.0",
        "conventional-changelog-writer": "^4.0.11",
        "conventional-commits-parser": "^3.0.8",
        "dateformat": "^3.0.0",
        "get-pkg-repo": "^1.0.0",
        "git-raw-commits": "2.0.0",
        "git-remote-origin-url": "^2.0.0",
        "git-semver-tags": "^3.0.1",
        "lodash": "^4.17.15",
        "normalize-package-data": "^2.3.5",
        "q": "^1.5.1",
        "read-pkg": "^3.0.0",
        "read-pkg-up": "^3.0.0",
        "through2": "^3.0.0"
      }
    },
    "conventional-changelog-ember": {
      "version": "2.0.4",
      "resolved": "http://npm.zhenguanyu.com/conventional-changelog-ember/download/conventional-changelog-ember-2.0.4.tgz",
      "integrity": "sha1-wpt45K94JcvstsP9YIbKXAlHGsE=",
      "dev": true,
      "requires": {
        "q": "^1.5.1"
      }
    },
    "conventional-changelog-eslint": {
      "version": "3.0.4",
      "resolved": "http://npm.zhenguanyu.com/conventional-changelog-eslint/download/conventional-changelog-eslint-3.0.4.tgz",
      "integrity": "sha1-j0c2oj4M2X6JDnb8zCh9svIF8v8=",
      "dev": true,
      "requires": {
        "q": "^1.5.1"
      }
    },
    "conventional-changelog-express": {
      "version": "2.0.1",
      "resolved": "http://npm.zhenguanyu.com/conventional-changelog-express/download/conventional-changelog-express-2.0.1.tgz",
      "integrity": "sha1-/qIjHZmlOBtOa62wwcQKQfyst1U=",
      "dev": true,
      "requires": {
        "q": "^1.5.1"
      }
    },
    "conventional-changelog-jquery": {
      "version": "3.0.6",
      "resolved": "http://npm.zhenguanyu.com/conventional-changelog-jquery/download/conventional-changelog-jquery-3.0.6.tgz",
      "integrity": "sha1-RgI2rY+x0p/5MqFP5OOkU3m2PF4=",
      "dev": true,
      "requires": {
        "q": "^1.5.1"
      }
    },
    "conventional-changelog-jshint": {
      "version": "2.0.3",
      "resolved": "http://npm.zhenguanyu.com/conventional-changelog-jshint/download/conventional-changelog-jshint-2.0.3.tgz",
      "integrity": "sha1-724sry7m/9/aePzffOh89sUS1yg=",
      "dev": true,
      "requires": {
        "compare-func": "^1.3.1",
        "q": "^1.5.1"
      }
    },
    "conventional-changelog-preset-loader": {
      "version": "2.3.0",
      "resolved": "http://npm.zhenguanyu.com/conventional-changelog-preset-loader/download/conventional-changelog-preset-loader-2.3.0.tgz",
      "integrity": "sha1-WA+oqwLO8iwkKU0l5S18zSR6mmo=",
      "dev": true
    },
    "conventional-changelog-writer": {
      "version": "4.0.11",
      "resolved": "http://npm.zhenguanyu.com/conventional-changelog-writer/download/conventional-changelog-writer-4.0.11.tgz",
      "integrity": "sha1-n1bSEi0gyW60i6rgvx3v+u0e26Q=",
      "dev": true,
      "requires": {
        "compare-func": "^1.3.1",
        "conventional-commits-filter": "^2.0.2",
        "dateformat": "^3.0.0",
        "handlebars": "^4.4.0",
        "json-stringify-safe": "^5.0.1",
        "lodash": "^4.17.15",
        "meow": "^5.0.0",
        "semver": "^6.0.0",
        "split": "^1.0.0",
        "through2": "^3.0.0"
      },
      "dependencies": {
        "semver": {
          "version": "6.3.0",
          "resolved": "https://registry.npmjs.org/semver/-/semver-6.3.0.tgz",
          "integrity": "sha512-b39TBaTSfV6yBrapU89p5fKekE2m/NwnDocOVruQFS1/veMgdzuPcnOM34M6CwxW8jH/lxEa5rBoDeUwu5HHTw==",
          "dev": true
        }
      }
    },
    "conventional-commits-filter": {
      "version": "2.0.2",
      "resolved": "http://npm.zhenguanyu.com/conventional-commits-filter/download/conventional-commits-filter-2.0.2.tgz",
      "integrity": "sha1-8SL4n7zVu4Hiry/KwCVNBi0QOcE=",
      "dev": true,
      "requires": {
        "lodash.ismatch": "^4.4.0",
        "modify-values": "^1.0.0"
      }
    },
    "conventional-commits-parser": {
      "version": "3.0.8",
      "resolved": "http://npm.zhenguanyu.com/conventional-commits-parser/download/conventional-commits-parser-3.0.8.tgz",
      "integrity": "sha1-IzEKm9psk8h0IkN15ysJ+ydf5xA=",
      "dev": true,
      "requires": {
        "JSONStream": "^1.0.4",
        "is-text-path": "^1.0.1",
        "lodash": "^4.17.15",
        "meow": "^5.0.0",
        "split2": "^2.0.0",
        "through2": "^3.0.0",
        "trim-off-newlines": "^1.0.0"
      }
    },
    "core-util-is": {
      "version": "1.0.2",
      "resolved": "http://npm.zhenguanyu.com/core-util-is/download/core-util-is-1.0.2.tgz",
      "integrity": "sha1-tf1UIgqivFq1eqtxQMlAdUUDwac=",
      "dev": true
    },
    "currently-unhandled": {
      "version": "0.4.1",
      "resolved": "http://npm.zhenguanyu.com/currently-unhandled/download/currently-unhandled-0.4.1.tgz",
      "integrity": "sha1-mI3zP+qxke95mmE2nddsF635V+o=",
      "dev": true,
      "requires": {
        "array-find-index": "^1.0.1"
      }
    },
    "dargs": {
      "version": "4.1.0",
      "resolved": "http://npm.zhenguanyu.com/dargs/download/dargs-4.1.0.tgz",
      "integrity": "sha1-A6nbtLXC8Tm/FK5T8LiipqhvThc=",
      "dev": true,
      "requires": {
        "number-is-nan": "^1.0.0"
      }
    },
    "dateformat": {
      "version": "3.0.3",
      "resolved": "http://npm.zhenguanyu.com/dateformat/download/dateformat-3.0.3.tgz",
      "integrity": "sha1-puN0maTZqc+F71hyBE1ikByYia4=",
      "dev": true
    },
    "decamelize": {
      "version": "1.2.0",
      "resolved": "http://npm.zhenguanyu.com/decamelize/download/decamelize-1.2.0.tgz",
      "integrity": "sha1-9lNNFRSCabIDUue+4m9QH5oZEpA=",
      "dev": true
    },
    "decamelize-keys": {
      "version": "1.1.0",
      "resolved": "http://npm.zhenguanyu.com/decamelize-keys/download/decamelize-keys-1.1.0.tgz",
      "integrity": "sha1-0XGoeTMlKAfrPLYdwcFEXQeN8tk=",
      "dev": true,
      "requires": {
        "decamelize": "^1.1.0",
        "map-obj": "^1.0.0"
      },
      "dependencies": {
        "map-obj": {
          "version": "1.0.1",
          "resolved": "http://npm.zhenguanyu.com/map-obj/download/map-obj-1.0.1.tgz",
          "integrity": "sha1-2TPOuSBdgr3PSIb2dCvcK03qFG0=",
          "dev": true
        }
      }
    },
    "didyoumean": {
      "version": "1.2.1",
      "resolved": "https://registry.npmjs.org/didyoumean/-/didyoumean-1.2.1.tgz",
      "integrity": "sha1-6S7f2tplN9SE1zwBcv0eugxJdv8="
    },
    "dot-prop": {
      "version": "3.0.0",
      "resolved": "http://npm.zhenguanyu.com/dot-prop/download/dot-prop-3.0.0.tgz",
      "integrity": "sha1-G3CK8JSknJoOfbyteQq6U52sEXc=",
      "dev": true,
      "requires": {
        "is-obj": "^1.0.0"
      }
    },
    "error-ex": {
      "version": "1.3.2",
      "resolved": "http://npm.zhenguanyu.com/error-ex/download/error-ex-1.3.2.tgz",
      "integrity": "sha1-tKxAZIEH/c3PriQvQovqihTU8b8=",
      "dev": true,
      "requires": {
        "is-arrayish": "^0.2.1"
      }
    },
    "find-up": {
      "version": "2.1.0",
      "resolved": "http://npm.zhenguanyu.com/find-up/download/find-up-2.1.0.tgz",
      "integrity": "sha1-RdG35QbHF93UgndaK3eSCjwMV6c=",
      "dev": true,
      "requires": {
        "locate-path": "^2.0.0"
      }
    },
    "get-pkg-repo": {
      "version": "1.4.0",
      "resolved": "http://npm.zhenguanyu.com/get-pkg-repo/download/get-pkg-repo-1.4.0.tgz",
      "integrity": "sha1-xztInAbYDMVTbCyFP54FIyBWly0=",
      "dev": true,
      "requires": {
        "hosted-git-info": "^2.1.4",
        "meow": "^3.3.0",
        "normalize-package-data": "^2.3.0",
        "parse-github-repo-url": "^1.3.0",
        "through2": "^2.0.0"
      },
      "dependencies": {
        "camelcase": {
          "version": "2.1.1",
          "resolved": "http://npm.zhenguanyu.com/camelcase/download/camelcase-2.1.1.tgz",
          "integrity": "sha1-fB0W1nmhu+WcoCys7PsBHiAfWh8=",
          "dev": true
        },
        "camelcase-keys": {
          "version": "2.1.0",
          "resolved": "http://npm.zhenguanyu.com/camelcase-keys/download/camelcase-keys-2.1.0.tgz",
          "integrity": "sha1-MIvur/3ygRkFHvodkyITyRuPkuc=",
          "dev": true,
          "requires": {
            "camelcase": "^2.0.0",
            "map-obj": "^1.0.0"
          }
        },
        "find-up": {
          "version": "1.1.2",
          "resolved": "http://npm.zhenguanyu.com/find-up/download/find-up-1.1.2.tgz",
          "integrity": "sha1-ay6YIrGizgpgq2TWEOzK1TyyTQ8=",
          "dev": true,
          "requires": {
            "path-exists": "^2.0.0",
            "pinkie-promise": "^2.0.0"
          }
        },
        "indent-string": {
          "version": "2.1.0",
          "resolved": "http://npm.zhenguanyu.com/indent-string/download/indent-string-2.1.0.tgz",
          "integrity": "sha1-ji1INIdCEhtKghi3oTfppSBJ3IA=",
          "dev": true,
          "requires": {
            "repeating": "^2.0.0"
          }
        },
        "load-json-file": {
          "version": "1.1.0",
          "resolved": "http://npm.zhenguanyu.com/load-json-file/download/load-json-file-1.1.0.tgz",
          "integrity": "sha1-lWkFcI1YtLq0wiYbBPWfMcmTdMA=",
          "dev": true,
          "requires": {
            "graceful-fs": "^4.1.2",
            "parse-json": "^2.2.0",
            "pify": "^2.0.0",
            "pinkie-promise": "^2.0.0",
            "strip-bom": "^2.0.0"
          }
        },
        "map-obj": {
          "version": "1.0.1",
          "resolved": "http://npm.zhenguanyu.com/map-obj/download/map-obj-1.0.1.tgz",
          "integrity": "sha1-2TPOuSBdgr3PSIb2dCvcK03qFG0=",
          "dev": true
        },
        "meow": {
          "version": "3.7.0",
          "resolved": "http://npm.zhenguanyu.com/meow/download/meow-3.7.0.tgz",
          "integrity": "sha1-cstmi0JSKCkKu/qFaJJYcwioAfs=",
          "dev": true,
          "requires": {
            "camelcase-keys": "^2.0.0",
            "decamelize": "^1.1.2",
            "loud-rejection": "^1.0.0",
            "map-obj": "^1.0.1",
            "minimist": "^1.1.3",
            "normalize-package-data": "^2.3.4",
            "object-assign": "^4.0.1",
            "read-pkg-up": "^1.0.1",
            "redent": "^1.0.0",
            "trim-newlines": "^1.0.0"
          }
        },
        "minimist": {
          "version": "1.2.0",
          "resolved": "http://npm.zhenguanyu.com/minimist/download/minimist-1.2.0.tgz",
          "integrity": "sha1-o1AIsg9BOD7sH7kU9M1d95omQoQ=",
          "dev": true
        },
        "parse-json": {
          "version": "2.2.0",
          "resolved": "http://npm.zhenguanyu.com/parse-json/download/parse-json-2.2.0.tgz",
          "integrity": "sha1-9ID0BDTvgHQfhGkJn43qGPVaTck=",
          "dev": true,
          "requires": {
            "error-ex": "^1.2.0"
          }
        },
        "path-exists": {
          "version": "2.1.0",
          "resolved": "http://npm.zhenguanyu.com/path-exists/download/path-exists-2.1.0.tgz",
          "integrity": "sha1-D+tsZPD8UY2adU3V77YscCJ2H0s=",
          "dev": true,
          "requires": {
            "pinkie-promise": "^2.0.0"
          }
        },
        "path-type": {
          "version": "1.1.0",
          "resolved": "http://npm.zhenguanyu.com/path-type/download/path-type-1.1.0.tgz",
          "integrity": "sha1-WcRPfuSR2nBNpBXaWkBwuk+P5EE=",
          "dev": true,
          "requires": {
            "graceful-fs": "^4.1.2",
            "pify": "^2.0.0",
            "pinkie-promise": "^2.0.0"
          }
        },
        "pify": {
          "version": "2.3.0",
          "resolved": "http://npm.zhenguanyu.com/pify/download/pify-2.3.0.tgz",
          "integrity": "sha1-7RQaasBDqEnqWISY59yosVMw6Qw=",
          "dev": true
        },
        "read-pkg": {
          "version": "1.1.0",
          "resolved": "http://npm.zhenguanyu.com/read-pkg/download/read-pkg-1.1.0.tgz",
          "integrity": "sha1-9f+qXs0pyzHAR0vKfXVra7KePyg=",
          "dev": true,
          "requires": {
            "load-json-file": "^1.0.0",
            "normalize-package-data": "^2.3.2",
            "path-type": "^1.0.0"
          }
        },
        "read-pkg-up": {
          "version": "1.0.1",
          "resolved": "http://npm.zhenguanyu.com/read-pkg-up/download/read-pkg-up-1.0.1.tgz",
          "integrity": "sha1-nWPBMnbAZZGNV/ACpX9AobZD+wI=",
          "dev": true,
          "requires": {
            "find-up": "^1.0.0",
            "read-pkg": "^1.0.0"
          }
        },
        "readable-stream": {
          "version": "2.3.7",
          "resolved": "http://npm.zhenguanyu.com/readable-stream/download/readable-stream-2.3.7.tgz",
          "integrity": "sha1-Hsoc9xGu+BTAT2IlKjamL2yyO1c=",
          "dev": true,
          "requires": {
            "core-util-is": "~1.0.0",
            "inherits": "~2.0.3",
            "isarray": "~1.0.0",
            "process-nextick-args": "~2.0.0",
            "safe-buffer": "~5.1.1",
            "string_decoder": "~1.1.1",
            "util-deprecate": "~1.0.1"
          }
        },
        "redent": {
          "version": "1.0.0",
          "resolved": "http://npm.zhenguanyu.com/redent/download/redent-1.0.0.tgz",
          "integrity": "sha1-z5Fqsf1fHxbfsggi3W7H9zDCr94=",
          "dev": true,
          "requires": {
            "indent-string": "^2.1.0",
            "strip-indent": "^1.0.1"
          }
        },
        "safe-buffer": {
          "version": "5.1.2",
          "resolved": "http://npm.zhenguanyu.com/safe-buffer/download/safe-buffer-5.1.2.tgz",
          "integrity": "sha1-mR7GnSluAxN0fVm9/St0XDX4go0=",
          "dev": true
        },
        "string_decoder": {
          "version": "1.1.1",
          "resolved": "http://npm.zhenguanyu.com/string_decoder/download/string_decoder-1.1.1.tgz",
          "integrity": "sha1-nPFhG6YmhdcDCunkujQUnDrwP8g=",
          "dev": true,
          "requires": {
            "safe-buffer": "~5.1.0"
          }
        },
        "strip-bom": {
          "version": "2.0.0",
          "resolved": "http://npm.zhenguanyu.com/strip-bom/download/strip-bom-2.0.0.tgz",
          "integrity": "sha1-YhmoVhZSBJHzV4i9vxRHqZx+aw4=",
          "dev": true,
          "requires": {
            "is-utf8": "^0.2.0"
          }
        },
        "strip-indent": {
          "version": "1.0.1",
          "resolved": "http://npm.zhenguanyu.com/strip-indent/download/strip-indent-1.0.1.tgz",
          "integrity": "sha1-DHlipq3vp7vUrDZkYKY4VSrhoKI=",
          "dev": true,
          "requires": {
            "get-stdin": "^4.0.1"
          }
        },
        "through2": {
          "version": "2.0.5",
          "resolved": "http://npm.zhenguanyu.com/through2/download/through2-2.0.5.tgz",
          "integrity": "sha1-AcHjnrMdB8t9A6lqcIIyYLIxMs0=",
          "dev": true,
          "requires": {
            "readable-stream": "~2.3.6",
            "xtend": "~4.0.1"
          }
        },
        "trim-newlines": {
          "version": "1.0.0",
          "resolved": "http://npm.zhenguanyu.com/trim-newlines/download/trim-newlines-1.0.0.tgz",
          "integrity": "sha1-WIeWa7WCpFA6QetST301ARgVphM=",
          "dev": true
        }
      }
    },
    "get-stdin": {
      "version": "4.0.1",
      "resolved": "http://npm.zhenguanyu.com/get-stdin/download/get-stdin-4.0.1.tgz",
      "integrity": "sha1-uWjGsKBDhDJJAui/Gl3zJXmkUP4=",
      "dev": true
    },
    "git-raw-commits": {
      "version": "2.0.0",
      "resolved": "http://npm.zhenguanyu.com/git-raw-commits/download/git-raw-commits-2.0.0.tgz",
      "integrity": "sha1-2Srd90RAwUvMXIPszj+3+KeRGLU=",
      "dev": true,
      "requires": {
        "dargs": "^4.0.1",
        "lodash.template": "^4.0.2",
        "meow": "^4.0.0",
        "split2": "^2.0.0",
        "through2": "^2.0.0"
      },
      "dependencies": {
        "meow": {
          "version": "4.0.1",
          "resolved": "http://npm.zhenguanyu.com/meow/download/meow-4.0.1.tgz",
          "integrity": "sha1-1IWY9vSxRy81v2MXqVlFrONH+XU=",
          "dev": true,
          "requires": {
            "camelcase-keys": "^4.0.0",
            "decamelize-keys": "^1.0.0",
            "loud-rejection": "^1.0.0",
            "minimist": "^1.1.3",
            "minimist-options": "^3.0.1",
            "normalize-package-data": "^2.3.4",
            "read-pkg-up": "^3.0.0",
            "redent": "^2.0.0",
            "trim-newlines": "^2.0.0"
          }
        },
        "minimist": {
          "version": "1.2.0",
          "resolved": "http://npm.zhenguanyu.com/minimist/download/minimist-1.2.0.tgz",
          "integrity": "sha1-o1AIsg9BOD7sH7kU9M1d95omQoQ=",
          "dev": true
        },
        "readable-stream": {
          "version": "2.3.7",
          "resolved": "http://npm.zhenguanyu.com/readable-stream/download/readable-stream-2.3.7.tgz",
          "integrity": "sha1-Hsoc9xGu+BTAT2IlKjamL2yyO1c=",
          "dev": true,
          "requires": {
            "core-util-is": "~1.0.0",
            "inherits": "~2.0.3",
            "isarray": "~1.0.0",
            "process-nextick-args": "~2.0.0",
            "safe-buffer": "~5.1.1",
            "string_decoder": "~1.1.1",
            "util-deprecate": "~1.0.1"
          }
        },
        "safe-buffer": {
          "version": "5.1.2",
          "resolved": "http://npm.zhenguanyu.com/safe-buffer/download/safe-buffer-5.1.2.tgz",
          "integrity": "sha1-mR7GnSluAxN0fVm9/St0XDX4go0=",
          "dev": true
        },
        "string_decoder": {
          "version": "1.1.1",
          "resolved": "http://npm.zhenguanyu.com/string_decoder/download/string_decoder-1.1.1.tgz",
          "integrity": "sha1-nPFhG6YmhdcDCunkujQUnDrwP8g=",
          "dev": true,
          "requires": {
            "safe-buffer": "~5.1.0"
          }
        },
        "through2": {
          "version": "2.0.5",
          "resolved": "http://npm.zhenguanyu.com/through2/download/through2-2.0.5.tgz",
          "integrity": "sha1-AcHjnrMdB8t9A6lqcIIyYLIxMs0=",
          "dev": true,
          "requires": {
            "readable-stream": "~2.3.6",
            "xtend": "~4.0.1"
          }
        }
      }
    },
    "git-remote-origin-url": {
      "version": "2.0.0",
      "resolved": "http://npm.zhenguanyu.com/git-remote-origin-url/download/git-remote-origin-url-2.0.0.tgz",
      "integrity": "sha1-UoJlna4hBxRaERJhEq0yFuxfpl8=",
      "dev": true,
      "requires": {
        "gitconfiglocal": "^1.0.0",
        "pify": "^2.3.0"
      },
      "dependencies": {
        "pify": {
          "version": "2.3.0",
          "resolved": "http://npm.zhenguanyu.com/pify/download/pify-2.3.0.tgz",
          "integrity": "sha1-7RQaasBDqEnqWISY59yosVMw6Qw=",
          "dev": true
        }
      }
    },
    "git-semver-tags": {
      "version": "3.0.1",
      "resolved": "http://npm.zhenguanyu.com/git-semver-tags/download/git-semver-tags-3.0.1.tgz",
      "integrity": "sha1-nLnkl0Q33h9x8y2jv+dPTTWvsbk=",
      "dev": true,
      "requires": {
        "meow": "^5.0.0",
        "semver": "^6.0.0"
      },
      "dependencies": {
        "semver": {
          "version": "6.3.0",
          "resolved": "https://registry.npmjs.org/semver/-/semver-6.3.0.tgz",
          "integrity": "sha512-b39TBaTSfV6yBrapU89p5fKekE2m/NwnDocOVruQFS1/veMgdzuPcnOM34M6CwxW8jH/lxEa5rBoDeUwu5HHTw==",
          "dev": true
        }
      }
    },
    "gitconfiglocal": {
      "version": "1.0.0",
      "resolved": "http://npm.zhenguanyu.com/gitconfiglocal/download/gitconfiglocal-1.0.0.tgz",
      "integrity": "sha1-QdBF84UaXqiPA/JMocYXgRRGS5s=",
      "dev": true,
      "requires": {
        "ini": "^1.3.2"
      }
    },
    "graceful-fs": {
      "version": "4.2.3",
      "resolved": "http://npm.zhenguanyu.com/graceful-fs/download/graceful-fs-4.2.3.tgz",
      "integrity": "sha1-ShL/G2A3bvCYYsIJPt2Qgyi+hCM=",
      "dev": true
    },
    "handlebars": {
      "version": "4.5.3",
      "resolved": "http://npm.zhenguanyu.com/handlebars/download/handlebars-4.5.3.tgz",
      "integrity": "sha1-XPdb2HFPdgVxNRGla+fDSb7LBII=",
      "dev": true,
      "requires": {
        "neo-async": "^2.6.0",
        "optimist": "^0.6.1",
        "source-map": "^0.6.1",
        "uglify-js": "^3.1.4"
      }
    },
    "has-flag": {
      "version": "4.0.0",
      "resolved": "https://registry.npmjs.org/has-flag/-/has-flag-4.0.0.tgz",
      "integrity": "sha512-EykJT/Q1KjTWctppgIAgfSO0tKVuZUjhgMr17kqTumMl6Afv3EISleU7qZUzoXDFTAHTDC4NOoG/ZxU3EvlMPQ=="
    },
    "hosted-git-info": {
      "version": "2.8.5",
      "resolved": "http://npm.zhenguanyu.com/hosted-git-info/download/hosted-git-info-2.8.5.tgz",
      "integrity": "sha1-dZz88sTRVq3lmwst+r3cQqa5xww=",
      "dev": true
    },
    "indent-string": {
      "version": "3.2.0",
      "resolved": "http://npm.zhenguanyu.com/indent-string/download/indent-string-3.2.0.tgz",
      "integrity": "sha1-Sl/W0nzDMvN+VBmlBNu4NxBckok=",
      "dev": true
    },
    "inherits": {
      "version": "2.0.4",
      "resolved": "http://npm.zhenguanyu.com/inherits/download/inherits-2.0.4.tgz",
      "integrity": "sha1-D6LGT5MpF8NDOg3tVTY6rjdBa3w=",
      "dev": true
    },
    "ini": {
      "version": "1.3.5",
      "resolved": "http://npm.zhenguanyu.com/ini/download/ini-1.3.5.tgz",
      "integrity": "sha1-7uJfVtscnsYIXgwid4CD9Zar+Sc=",
      "dev": true
    },
    "is-arrayish": {
      "version": "0.2.1",
      "resolved": "http://npm.zhenguanyu.com/is-arrayish/download/is-arrayish-0.2.1.tgz",
      "integrity": "sha1-d8mYQFJ6qOyxqLppe4BkWnqSap0=",
      "dev": true
    },
    "is-finite": {
      "version": "1.0.2",
      "resolved": "http://npm.zhenguanyu.com/is-finite/download/is-finite-1.0.2.tgz",
      "integrity": "sha1-zGZ3aVYCvlUO8R6LSqYwU0K20Ko=",
      "dev": true,
      "requires": {
        "number-is-nan": "^1.0.0"
      }
    },
    "is-obj": {
      "version": "1.0.1",
      "resolved": "http://npm.zhenguanyu.com/is-obj/download/is-obj-1.0.1.tgz",
      "integrity": "sha1-PkcprB9f3gJc19g6iW2rn09n2w8=",
      "dev": true
    },
    "is-plain-obj": {
      "version": "1.1.0",
      "resolved": "http://npm.zhenguanyu.com/is-plain-obj/download/is-plain-obj-1.1.0.tgz",
      "integrity": "sha1-caUMhCnfync8kqOQpKA7OfzVHT4=",
      "dev": true
    },
    "is-text-path": {
      "version": "1.0.1",
      "resolved": "http://npm.zhenguanyu.com/is-text-path/download/is-text-path-1.0.1.tgz",
      "integrity": "sha1-Thqg+1G/vLPpJogAE5cgLBd1tm4=",
      "dev": true,
      "requires": {
        "text-extensions": "^1.0.0"
      }
    },
    "is-utf8": {
      "version": "0.2.1",
      "resolved": "http://npm.zhenguanyu.com/is-utf8/download/is-utf8-0.2.1.tgz",
      "integrity": "sha1-Sw2hRCEE0bM2NA6AeX6GXPOffXI=",
      "dev": true
    },
    "isarray": {
      "version": "1.0.0",
      "resolved": "http://npm.zhenguanyu.com/isarray/download/isarray-1.0.0.tgz",
      "integrity": "sha1-u5NdSFgsuhaMBoNJV6VKPgcSTxE=",
      "dev": true
    },
    "json-parse-better-errors": {
      "version": "1.0.2",
      "resolved": "http://npm.zhenguanyu.com/json-parse-better-errors/download/json-parse-better-errors-1.0.2.tgz",
      "integrity": "sha1-u4Z8+zRQ5pEHwTHRxRS6s9yLyqk=",
      "dev": true
    },
    "json-stringify-safe": {
      "version": "5.0.1",
      "resolved": "http://npm.zhenguanyu.com/json-stringify-safe/download/json-stringify-safe-5.0.1.tgz",
      "integrity": "sha1-Epai1Y/UXxmg9s4B1lcB4sc1tus=",
      "dev": true
    },
    "jsonparse": {
      "version": "1.3.1",
      "resolved": "http://npm.zhenguanyu.com/jsonparse/download/jsonparse-1.3.1.tgz",
      "integrity": "sha1-P02uSpH6wxX3EGL4UhzCOfE2YoA=",
      "dev": true
    },
    "load-json-file": {
      "version": "4.0.0",
      "resolved": "http://npm.zhenguanyu.com/load-json-file/download/load-json-file-4.0.0.tgz",
      "integrity": "sha1-L19Fq5HjMhYjT9U62rZo607AmTs=",
      "dev": true,
      "requires": {
        "graceful-fs": "^4.1.2",
        "parse-json": "^4.0.0",
        "pify": "^3.0.0",
        "strip-bom": "^3.0.0"
      }
    },
    "locate-path": {
      "version": "2.0.0",
      "resolved": "http://npm.zhenguanyu.com/locate-path/download/locate-path-2.0.0.tgz",
      "integrity": "sha1-K1aLJl7slExtnA3pw9u7ygNUzY4=",
      "dev": true,
      "requires": {
        "p-locate": "^2.0.0",
        "path-exists": "^3.0.0"
      }
    },
    "lodash": {
      "version": "4.17.15",
      "resolved": "http://npm.zhenguanyu.com/lodash/download/lodash-4.17.15.tgz",
      "integrity": "sha1-tEf2ZwoEVbv+7dETku/zMOoJdUg=",
      "dev": true
    },
    "lodash._reinterpolate": {
      "version": "3.0.0",
      "resolved": "http://npm.zhenguanyu.com/lodash._reinterpolate/download/lodash._reinterpolate-3.0.0.tgz",
      "integrity": "sha1-DM8tiRZq8Ds2Y8eWU4t1rG4RTZ0=",
      "dev": true
    },
    "lodash.ismatch": {
      "version": "4.4.0",
      "resolved": "http://npm.zhenguanyu.com/lodash.ismatch/download/lodash.ismatch-4.4.0.tgz",
      "integrity": "sha1-dWy1FQyjum8RCFp4hJZF8Yj4Xzc=",
      "dev": true
    },
    "lodash.template": {
      "version": "4.5.0",
      "resolved": "http://npm.zhenguanyu.com/lodash.template/download/lodash.template-4.5.0.tgz",
      "integrity": "sha1-+XYZXPPzR9DV9SSDVp/oAxzM6Ks=",
      "dev": true,
      "requires": {
        "lodash._reinterpolate": "^3.0.0",
        "lodash.templatesettings": "^4.0.0"
      }
    },
    "lodash.templatesettings": {
      "version": "4.2.0",
      "resolved": "http://npm.zhenguanyu.com/lodash.templatesettings/download/lodash.templatesettings-4.2.0.tgz",
      "integrity": "sha1-5IExDwSdPPbUfpEq0JMTsVTw+zM=",
      "dev": true,
      "requires": {
        "lodash._reinterpolate": "^3.0.0"
      }
    },
    "loud-rejection": {
      "version": "1.6.0",
      "resolved": "http://npm.zhenguanyu.com/loud-rejection/download/loud-rejection-1.6.0.tgz",
      "integrity": "sha1-W0b4AUft7leIcPCG0Eghz5mOVR8=",
      "dev": true,
      "requires": {
        "currently-unhandled": "^0.4.1",
        "signal-exit": "^3.0.0"
      }
    },
    "map-obj": {
      "version": "2.0.0",
      "resolved": "http://npm.zhenguanyu.com/map-obj/download/map-obj-2.0.0.tgz",
      "integrity": "sha1-plzSkIepJZi4eRJXpSPgISIqwfk=",
      "dev": true
    },
    "meow": {
      "version": "5.0.0",
      "resolved": "http://npm.zhenguanyu.com/meow/download/meow-5.0.0.tgz",
      "integrity": "sha1-38c9Y6mvxxSl43F2DrXIi5EHiqQ=",
      "dev": true,
      "requires": {
        "camelcase-keys": "^4.0.0",
        "decamelize-keys": "^1.0.0",
        "loud-rejection": "^1.0.0",
        "minimist-options": "^3.0.1",
        "normalize-package-data": "^2.3.4",
        "read-pkg-up": "^3.0.0",
        "redent": "^2.0.0",
        "trim-newlines": "^2.0.0",
        "yargs-parser": "^10.0.0"
      }
    },
    "minimist": {
      "version": "0.0.10",
      "resolved": "http://npm.zhenguanyu.com/minimist/download/minimist-0.0.10.tgz",
      "integrity": "sha1-3j+YVD2/lggr5IrRoMfNqDYwHc8=",
      "dev": true
    },
    "minimist-options": {
      "version": "3.0.2",
      "resolved": "http://npm.zhenguanyu.com/minimist-options/download/minimist-options-3.0.2.tgz",
      "integrity": "sha1-+6TIGRM54T7PTWG+sD8HAQPz2VQ=",
      "dev": true,
      "requires": {
        "arrify": "^1.0.1",
        "is-plain-obj": "^1.1.0"
      }
    },
    "modify-values": {
      "version": "1.0.1",
      "resolved": "http://npm.zhenguanyu.com/modify-values/download/modify-values-1.0.1.tgz",
      "integrity": "sha1-s5OfpgVUZHTj4+PGPWS9Q7TuYCI=",
      "dev": true
    },
    "neo-async": {
      "version": "2.6.1",
      "resolved": "http://npm.zhenguanyu.com/neo-async/download/neo-async-2.6.1.tgz",
      "integrity": "sha1-rCetpmFn+ohJpq3dg39rGJrSCBw=",
      "dev": true
    },
    "normalize-package-data": {
      "version": "2.5.0",
      "resolved": "http://npm.zhenguanyu.com/normalize-package-data/download/normalize-package-data-2.5.0.tgz",
      "integrity": "sha1-5m2xg4sgDB38IzIl0SyzZSDiNKg=",
      "dev": true,
      "requires": {
        "hosted-git-info": "^2.1.4",
        "resolve": "^1.10.0",
        "semver": "2 || 3 || 4 || 5",
        "validate-npm-package-license": "^3.0.1"
      },
      "dependencies": {
        "semver": {
          "version": "5.7.1",
          "resolved": "http://npm.zhenguanyu.com/semver/download/semver-5.7.1.tgz",
          "integrity": "sha1-qVT5Ma66UI0we78Gnv8MAclhFvc=",
          "dev": true
        }
      }
    },
    "number-is-nan": {
      "version": "1.0.1",
      "resolved": "http://npm.zhenguanyu.com/number-is-nan/download/number-is-nan-1.0.1.tgz",
      "integrity": "sha1-CXtgK1NCKlIsGvuHkDGDNpQaAR0=",
      "dev": true
    },
    "object-assign": {
      "version": "4.1.1",
      "resolved": "http://npm.zhenguanyu.com/object-assign/download/object-assign-4.1.1.tgz",
      "integrity": "sha1-IQmtx5ZYh8/AXLvUQsrIv7s2CGM=",
      "dev": true
    },
    "optimist": {
      "version": "0.6.1",
      "resolved": "http://npm.zhenguanyu.com/optimist/download/optimist-0.6.1.tgz",
      "integrity": "sha1-2j6nRob6IaGaERwybpDrFaAZZoY=",
      "dev": true,
      "requires": {
        "minimist": "~0.0.1",
        "wordwrap": "~0.0.2"
      }
    },
    "p-limit": {
      "version": "1.3.0",
      "resolved": "http://npm.zhenguanyu.com/p-limit/download/p-limit-1.3.0.tgz",
      "integrity": "sha1-uGvV8MJWkJEcdZD8v8IBDVSzzLg=",
      "dev": true,
      "requires": {
        "p-try": "^1.0.0"
      }
    },
    "p-locate": {
      "version": "2.0.0",
      "resolved": "http://npm.zhenguanyu.com/p-locate/download/p-locate-2.0.0.tgz",
      "integrity": "sha1-IKAQOyIqcMj9OcwuWAaA893l7EM=",
      "dev": true,
      "requires": {
        "p-limit": "^1.1.0"
      }
    },
    "p-try": {
      "version": "1.0.0",
      "resolved": "http://npm.zhenguanyu.com/p-try/download/p-try-1.0.0.tgz",
      "integrity": "sha1-y8ec26+P1CKOE/Yh8rGiN8GyB7M=",
      "dev": true
    },
    "parse-github-repo-url": {
      "version": "1.4.1",
      "resolved": "http://npm.zhenguanyu.com/parse-github-repo-url/download/parse-github-repo-url-1.4.1.tgz",
      "integrity": "sha1-nn2LslKmy2ukJZUGC3v23z28H1A=",
      "dev": true
    },
    "parse-json": {
      "version": "4.0.0",
      "resolved": "http://npm.zhenguanyu.com/parse-json/download/parse-json-4.0.0.tgz",
      "integrity": "sha1-vjX1Qlvh9/bHRxhPmKeIy5lHfuA=",
      "dev": true,
      "requires": {
        "error-ex": "^1.3.1",
        "json-parse-better-errors": "^1.0.1"
      }
    },
    "path-exists": {
      "version": "3.0.0",
      "resolved": "http://npm.zhenguanyu.com/path-exists/download/path-exists-3.0.0.tgz",
      "integrity": "sha1-zg6+ql94yxiSXqfYENe1mwEP1RU=",
      "dev": true
    },
    "path-parse": {
      "version": "1.0.6",
      "resolved": "http://npm.zhenguanyu.com/path-parse/download/path-parse-1.0.6.tgz",
      "integrity": "sha1-1i27VnlAXXLEc37FhgDp3c8G0kw=",
      "dev": true
    },
    "path-type": {
      "version": "3.0.0",
      "resolved": "http://npm.zhenguanyu.com/path-type/download/path-type-3.0.0.tgz",
      "integrity": "sha1-zvMdyOCho7sNEFwM2Xzzv0f0428=",
      "dev": true,
      "requires": {
        "pify": "^3.0.0"
      }
    },
    "pify": {
      "version": "3.0.0",
      "resolved": "http://npm.zhenguanyu.com/pify/download/pify-3.0.0.tgz",
      "integrity": "sha1-5aSs0sEB/fPZpNB/DbxNtJ3SgXY=",
      "dev": true
    },
    "pinkie": {
      "version": "2.0.4",
      "resolved": "http://npm.zhenguanyu.com/pinkie/download/pinkie-2.0.4.tgz",
      "integrity": "sha1-clVrgM+g1IqXToDnckjoDtT3+HA=",
      "dev": true
    },
    "pinkie-promise": {
      "version": "2.0.1",
      "resolved": "http://npm.zhenguanyu.com/pinkie-promise/download/pinkie-promise-2.0.1.tgz",
      "integrity": "sha1-ITXW36ejWMBprJsXh3YogihFD/o=",
      "dev": true,
      "requires": {
        "pinkie": "^2.0.0"
      }
    },
    "process-nextick-args": {
      "version": "2.0.1",
      "resolved": "http://npm.zhenguanyu.com/process-nextick-args/download/process-nextick-args-2.0.1.tgz",
      "integrity": "sha1-eCDZsWEgzFXKmud5JoCufbptf+I=",
      "dev": true
    },
    "q": {
      "version": "1.5.1",
      "resolved": "http://npm.zhenguanyu.com/q/download/q-1.5.1.tgz",
      "integrity": "sha1-fjL3W0E4EpHQRhHxvxQQmsAGUdc=",
      "dev": true
    },
    "quick-lru": {
      "version": "1.1.0",
      "resolved": "http://npm.zhenguanyu.com/quick-lru/download/quick-lru-1.1.0.tgz",
      "integrity": "sha1-Q2CxfGETatOAeDl/8RQW4Ybc+7g=",
      "dev": true
    },
    "read-pkg": {
      "version": "3.0.0",
      "resolved": "http://npm.zhenguanyu.com/read-pkg/download/read-pkg-3.0.0.tgz",
      "integrity": "sha1-nLxoaXj+5l0WwA4rGcI3/Pbjg4k=",
      "dev": true,
      "requires": {
        "load-json-file": "^4.0.0",
        "normalize-package-data": "^2.3.2",
        "path-type": "^3.0.0"
      }
    },
    "read-pkg-up": {
      "version": "3.0.0",
      "resolved": "http://npm.zhenguanyu.com/read-pkg-up/download/read-pkg-up-3.0.0.tgz",
      "integrity": "sha1-PtSWaF26D4/hGNBpHcUfSh/5bwc=",
      "dev": true,
      "requires": {
        "find-up": "^2.0.0",
        "read-pkg": "^3.0.0"
      }
    },
    "readable-stream": {
      "version": "3.4.0",
      "resolved": "http://npm.zhenguanyu.com/readable-stream/download/readable-stream-3.4.0.tgz",
      "integrity": "sha1-pRwmdUZY4KPCHb9ZFjvUW6b0R/w=",
      "dev": true,
      "requires": {
        "inherits": "^2.0.3",
        "string_decoder": "^1.1.1",
        "util-deprecate": "^1.0.1"
      }
    },
    "redent": {
      "version": "2.0.0",
      "resolved": "http://npm.zhenguanyu.com/redent/download/redent-2.0.0.tgz",
      "integrity": "sha1-wbIAe0LVfrE4kHmzyDM2OdXhzKo=",
      "dev": true,
      "requires": {
        "indent-string": "^3.0.0",
        "strip-indent": "^2.0.0"
      }
    },
    "repeating": {
      "version": "2.0.1",
      "resolved": "http://npm.zhenguanyu.com/repeating/download/repeating-2.0.1.tgz",
      "integrity": "sha1-UhTFOpJtNVJwdSf7q0FdvAjQbdo=",
      "dev": true,
      "requires": {
        "is-finite": "^1.0.0"
      }
    },
    "resolve": {
      "version": "1.14.2",
      "resolved": "http://npm.zhenguanyu.com/resolve/download/resolve-1.14.2.tgz",
      "integrity": "sha1-2/MdD6mLHymqUWl4O5wpDLhl/qI=",
      "dev": true,
      "requires": {
        "path-parse": "^1.0.6"
      }
    },
    "safe-buffer": {
      "version": "5.2.0",
      "resolved": "http://npm.zhenguanyu.com/safe-buffer/download/safe-buffer-5.2.0.tgz",
      "integrity": "sha1-t02uxJsRSPiMZLaNSbHoFcHy9Rk=",
      "dev": true
    },
    "semver": {
      "version": "7.1.1",
      "resolved": "https://registry.npmjs.org/semver/-/semver-7.1.1.tgz",
      "integrity": "sha512-WfuG+fl6eh3eZ2qAf6goB7nhiCd7NPXhmyFxigB/TOkQyeLP8w8GsVehvtGNtnNmyboz4TgeK40B1Kbql/8c5A=="
    },
    "signal-exit": {
      "version": "3.0.2",
      "resolved": "http://npm.zhenguanyu.com/signal-exit/download/signal-exit-3.0.2.tgz",
      "integrity": "sha1-tf3AjxKH6hF4Yo5BXiUTK3NkbG0=",
      "dev": true
    },
    "source-map": {
      "version": "0.6.1",
      "resolved": "http://npm.zhenguanyu.com/source-map/download/source-map-0.6.1.tgz",
      "integrity": "sha1-dHIq8y6WFOnCh6jQu95IteLxomM=",
      "dev": true
    },
    "spdx-correct": {
      "version": "3.1.0",
      "resolved": "http://npm.zhenguanyu.com/spdx-correct/download/spdx-correct-3.1.0.tgz",
      "integrity": "sha1-+4PlBERSaPFUsHTiGMh8ADzTHfQ=",
      "dev": true,
      "requires": {
        "spdx-expression-parse": "^3.0.0",
        "spdx-license-ids": "^3.0.0"
      }
    },
    "spdx-exceptions": {
      "version": "2.2.0",
      "resolved": "http://npm.zhenguanyu.com/spdx-exceptions/download/spdx-exceptions-2.2.0.tgz",
      "integrity": "sha1-LqRQrudPKom/uUUZwH/Nb0EyKXc=",
      "dev": true
    },
    "spdx-expression-parse": {
      "version": "3.0.0",
      "resolved": "http://npm.zhenguanyu.com/spdx-expression-parse/download/spdx-expression-parse-3.0.0.tgz",
      "integrity": "sha1-meEZt6XaAOBUkcn6M4t5BII7QdA=",
      "dev": true,
      "requires": {
        "spdx-exceptions": "^2.1.0",
        "spdx-license-ids": "^3.0.0"
      }
    },
    "spdx-license-ids": {
      "version": "3.0.5",
      "resolved": "http://npm.zhenguanyu.com/spdx-license-ids/download/spdx-license-ids-3.0.5.tgz",
      "integrity": "sha1-NpS1gEVnpFjTyARYQqY1hjL2JlQ=",
      "dev": true
    },
    "split": {
      "version": "1.0.1",
      "resolved": "http://npm.zhenguanyu.com/split/download/split-1.0.1.tgz",
      "integrity": "sha1-YFvZvjA6pZ+zX5Ip++oN3snqB9k=",
      "dev": true,
      "requires": {
        "through": "2"
      }
    },
    "split2": {
      "version": "2.2.0",
      "resolved": "http://npm.zhenguanyu.com/split2/download/split2-2.2.0.tgz",
      "integrity": "sha1-GGsldbz4PoW30YRldWI47k7kJJM=",
      "dev": true,
      "requires": {
        "through2": "^2.0.2"
      },
      "dependencies": {
        "readable-stream": {
          "version": "2.3.7",
          "resolved": "http://npm.zhenguanyu.com/readable-stream/download/readable-stream-2.3.7.tgz",
          "integrity": "sha1-Hsoc9xGu+BTAT2IlKjamL2yyO1c=",
          "dev": true,
          "requires": {
            "core-util-is": "~1.0.0",
            "inherits": "~2.0.3",
            "isarray": "~1.0.0",
            "process-nextick-args": "~2.0.0",
            "safe-buffer": "~5.1.1",
            "string_decoder": "~1.1.1",
            "util-deprecate": "~1.0.1"
          }
        },
        "safe-buffer": {
          "version": "5.1.2",
          "resolved": "http://npm.zhenguanyu.com/safe-buffer/download/safe-buffer-5.1.2.tgz",
          "integrity": "sha1-mR7GnSluAxN0fVm9/St0XDX4go0=",
          "dev": true
        },
        "string_decoder": {
          "version": "1.1.1",
          "resolved": "http://npm.zhenguanyu.com/string_decoder/download/string_decoder-1.1.1.tgz",
          "integrity": "sha1-nPFhG6YmhdcDCunkujQUnDrwP8g=",
          "dev": true,
          "requires": {
            "safe-buffer": "~5.1.0"
          }
        },
        "through2": {
          "version": "2.0.5",
          "resolved": "http://npm.zhenguanyu.com/through2/download/through2-2.0.5.tgz",
          "integrity": "sha1-AcHjnrMdB8t9A6lqcIIyYLIxMs0=",
          "dev": true,
          "requires": {
            "readable-stream": "~2.3.6",
            "xtend": "~4.0.1"
          }
        }
      }
    },
    "string_decoder": {
      "version": "1.3.0",
      "resolved": "http://npm.zhenguanyu.com/string_decoder/download/string_decoder-1.3.0.tgz",
      "integrity": "sha1-QvEUWUpGzxqOMLCoT1bHjD7awh4=",
      "dev": true,
      "requires": {
        "safe-buffer": "~5.2.0"
      }
    },
    "strip-bom": {
      "version": "3.0.0",
      "resolved": "http://npm.zhenguanyu.com/strip-bom/download/strip-bom-3.0.0.tgz",
      "integrity": "sha1-IzTBjpx1n3vdVv3vfprj1YjmjtM=",
      "dev": true
    },
    "strip-indent": {
      "version": "2.0.0",
      "resolved": "http://npm.zhenguanyu.com/strip-indent/download/strip-indent-2.0.0.tgz",
      "integrity": "sha1-XvjbKV0B5u1sv3qrlpmNeCJSe2g=",
      "dev": true
    },
    "supports-color": {
      "version": "7.1.0",
      "resolved": "https://registry.npmjs.org/supports-color/-/supports-color-7.1.0.tgz",
      "integrity": "sha512-oRSIpR8pxT1Wr2FquTNnGet79b3BWljqOuoW/h4oBhxJ/HUbX5nX6JSruTkvXDCFMwDPvsaTTbvMLKZWSy0R5g==",
      "requires": {
        "has-flag": "^4.0.0"
      }
    },
    "temp-dir": {
      "version": "2.0.0",
      "resolved": "http://npm.zhenguanyu.com/temp-dir/download/temp-dir-2.0.0.tgz",
      "integrity": "sha1-vekrBb3+sVFugEycAK1FF38xMh4=",
      "dev": true
    },
    "tempfile": {
      "version": "3.0.0",
      "resolved": "http://npm.zhenguanyu.com/tempfile/download/tempfile-3.0.0.tgz",
      "integrity": "sha1-U3ajSS3nxUFQ0MwGEsPwDiza92w=",
      "dev": true,
      "requires": {
        "temp-dir": "^2.0.0",
        "uuid": "^3.3.2"
      }
    },
    "text-extensions": {
      "version": "1.9.0",
      "resolved": "http://npm.zhenguanyu.com/text-extensions/download/text-extensions-1.9.0.tgz",
      "integrity": "sha1-GFPkX+45yUXOb2w2stZZtaq8KiY=",
      "dev": true
    },
    "through": {
      "version": "2.3.8",
      "resolved": "http://npm.zhenguanyu.com/through/download/through-2.3.8.tgz",
      "integrity": "sha1-DdTJ/6q8NXlgsbckEV1+Doai4fU=",
      "dev": true
    },
    "through2": {
      "version": "3.0.1",
      "resolved": "http://npm.zhenguanyu.com/through2/download/through2-3.0.1.tgz",
      "integrity": "sha1-OSducTwzAu3544jdnIEt07glvVo=",
      "dev": true,
      "requires": {
        "readable-stream": "2 || 3"
      }
    },
    "trim-newlines": {
      "version": "2.0.0",
      "resolved": "http://npm.zhenguanyu.com/trim-newlines/download/trim-newlines-2.0.0.tgz",
      "integrity": "sha1-tAPQuRvlDDMd/EuC7s6yLD3hbSA=",
      "dev": true
    },
    "trim-off-newlines": {
      "version": "1.0.1",
      "resolved": "http://npm.zhenguanyu.com/trim-off-newlines/download/trim-off-newlines-1.0.1.tgz",
      "integrity": "sha1-n5up2e+odkw4dpi8v+sshI8RrbM=",
      "dev": true
    },
    "uglify-js": {
      "version": "3.7.4",
      "resolved": "http://npm.zhenguanyu.com/uglify-js/download/uglify-js-3.7.4.tgz",
      "integrity": "sha1-5tg6GqMv9Ei9Fnk1mrE9jbD+B0M=",
      "dev": true,
      "optional": true,
      "requires": {
        "commander": "~2.20.3",
        "source-map": "~0.6.1"
      },
      "dependencies": {
        "commander": {
          "version": "2.20.3",
          "resolved": "http://npm.zhenguanyu.com/commander/download/commander-2.20.3.tgz",
          "integrity": "sha1-/UhehMA+tIgcIHIrpIA16FMa6zM=",
          "dev": true,
          "optional": true
        }
      }
    },
    "util-deprecate": {
      "version": "1.0.2",
      "resolved": "http://npm.zhenguanyu.com/util-deprecate/download/util-deprecate-1.0.2.tgz",
      "integrity": "sha1-RQ1Nyfpw3nMnYvvS1KKJgUGaDM8=",
      "dev": true
    },
    "uuid": {
      "version": "3.3.3",
      "resolved": "http://npm.zhenguanyu.com/uuid/download/uuid-3.3.3.tgz",
      "integrity": "sha1-RWjwIW54dg7h2/Ok0s9T4iQRKGY=",
      "dev": true
    },
    "validate-npm-package-license": {
      "version": "3.0.4",
      "resolved": "http://npm.zhenguanyu.com/validate-npm-package-license/download/validate-npm-package-license-3.0.4.tgz",
      "integrity": "sha1-/JH2uce6FchX9MssXe/uw51PQQo=",
      "dev": true,
      "requires": {
        "spdx-correct": "^3.0.0",
        "spdx-expression-parse": "^3.0.0"
      }
    },
    "wordwrap": {
      "version": "0.0.3",
      "resolved": "http://npm.zhenguanyu.com/wordwrap/download/wordwrap-0.0.3.tgz",
      "integrity": "sha1-o9XabNXAvAAI03I0u68b7WMFkQc=",
      "dev": true
    },
    "xtend": {
      "version": "4.0.2",
      "resolved": "http://npm.zhenguanyu.com/xtend/download/xtend-4.0.2.tgz",
      "integrity": "sha1-u3J3n1+kZRhrH0OPZ0+jR/2121Q=",
      "dev": true
    },
    "yargs-parser": {
      "version": "10.1.0",
      "resolved": "http://npm.zhenguanyu.com/yargs-parser/download/yargs-parser-10.1.0.tgz",
      "integrity": "sha1-cgImW4n36eny5XZeD+c1qQXtuqg=",
      "dev": true,
      "requires": {
        "camelcase": "^4.1.0"
      }
    }
  }
}
